
Microsoft Visual Studio Solution File, Format Version 12.00
# Visual Studio Version 17
VisualStudioVersion = 17.0.31903.59
MinimumVisualStudioVersion = 10.0.40219.1
Project("{FAE04EC0-301F-11D3-BF4B-00C04F79EFBC}") = "Tickets.API", "Tickets.API\Tickets.API.csproj", "{2C8B5B8E-1E3A-4F5D-9C7B-8E5F6A7D8C9B}"
EndProject
Project("{FAE04EC0-301F-11D3-BF4B-00C04F79EFBC}") = "Tickets.Application", "Tickets.Application\Tickets.Application.csproj", "{3D9C6C9F-2F4B-5G6E-0D8C-9F6G7B8E9D0C}"
EndProject
Project("{FAE04EC0-301F-11D3-BF4B-00C04F79EFBC}") = "Tickets.Domain", "Tickets.Domain\Tickets.Domain.csproj", "{4E0D7D0G-3G5C-6H7F-1E9D-0G7H8C9F0E1D}"
EndProject
Project("{FAE04EC0-301F-11D3-BF4B-00C04F79EFBC}") = "Tickets.Infrastructure", "Tickets.Infrastructure\Tickets.Infrastructure.csproj", "{5F1E8E1H-4H6D-7I8G-2F0E-1H8I9D0G1F2E}"
EndProject
Global
	GlobalSection(SolutionConfigurationPlatforms) = preSolution
		Debug|Any CPU = Debug|Any CPU
		Release|Any CPU = Release|Any CPU
	EndGlobalSection
	GlobalSection(ProjectConfigurationPlatforms) = postSolution
		{2C8B5B8E-1E3A-4F5D-9C7B-8E5F6A7D8C9B}.Debug|Any CPU.ActiveCfg = Debug|Any CPU
		{2C8B5B8E-1E3A-4F5D-9C7B-8E5F6A7D8C9B}.Debug|Any CPU.Build.0 = Debug|Any CPU
		{2C8B5B8E-1E3A-4F5D-9C7B-8E5F6A7D8C9B}.Release|Any CPU.ActiveCfg = Release|Any CPU
		{2C8B5B8E-1E3A-4F5D-9C7B-8E5F6A7D8C9B}.Release|Any CPU.Build.0 = Release|Any CPU
		{3D9C6C9F-2F4B-5G6E-0D8C-9F6G7B8E9D0C}.Debug|Any CPU.ActiveCfg = Debug|Any CPU
		{3D9C6C9F-2F4B-5G6E-0D8C-9F6G7B8E9D0C}.Debug|Any CPU.Build.0 = Debug|Any CPU
		{3D9C6C9F-2F4B-5G6E-0D8C-9F6G7B8E9D0C}.Release|Any CPU.ActiveCfg = Release|Any CPU
		{3D9C6C9F-2F4B-5G6E-0D8C-9F6G7B8E9D0C}.Release|Any CPU.Build.0 = Release|Any CPU
		{4E0D7D0G-3G5C-6H7F-1E9D-0G7H8C9F0E1D}.Debug|Any CPU.ActiveCfg = Debug|Any CPU
		{4E0D7D0G-3G5C-6H7F-1E9D-0G7H8C9F0E1D}.Debug|Any CPU.Build.0 = Debug|Any CPU
		{4E0D7D0G-3G5C-6H7F-1E9D-0G7H8C9F0E1D}.Release|Any CPU.ActiveCfg = Release|Any CPU
		{4E0D7D0G-3G5C-6H7F-1E9D-0G7H8C9F0E1D}.Release|Any CPU.Build.0 = Release|Any CPU
		{5F1E8E1H-4H6D-7I8G-2F0E-1H8I9D0G1F2E}.Debug|Any CPU.ActiveCfg = Debug|Any CPU
		{5F1E8E1H-4H6D-7I8G-2F0E-1H8I9D0G1F2E}.Debug|Any CPU.Build.0 = Debug|Any CPU
		{5F1E8E1H-4H6D-7I8G-2F0E-1H8I9D0G1F2E}.Release|Any CPU.ActiveCfg = Release|Any CPU
		{5F1E8E1H-4H6D-7I8G-2F0E-1H8I9D0G1F2E}.Release|Any CPU.Build.0 = Release|Any CPU
	EndGlobalSection
EndGlobal
